<?xml version="1.0" encoding="utf-8"?>
<Project ToolsVersion="4.0" xmlns="http://schemas.microsoft.com/developer/msbuild/2003">
  <ItemGroup>
    <ClInclude Include="include\asd\address.h" />
    <ClInclude Include="src\asd_pch.h" />
    <ClInclude Include="include\asd\asdbase.h" />
    <ClInclude Include="include\asd\buffer.h" />
    <ClInclude Include="include\asd\caster.h" />
    <ClInclude Include="include\asd\classutil.h" />
    <ClInclude Include="include\asd\datetime.h" />
    <ClInclude Include="include\asd\exception.h" />
    <ClInclude Include="include\asd\file.h" />
    <ClInclude Include="include\asd\filedef.h" />
    <ClInclude Include="include\asd\iconvwrap.h" />
    <ClInclude Include="include\asd\ioevent.h" />
    <ClInclude Include="include\asd\lock.h" />
    <ClInclude Include="include\asd\log.h" />
    <ClInclude Include="include\asd\memdump.h" />
    <ClInclude Include="include\asd\objpool.h" />
    <ClInclude Include="include\asd\odbcwrap.h" />
    <ClInclude Include="include\asd\semaphore.h" />
    <ClInclude Include="include\asd\serialize.h" />
    <ClInclude Include="include\asd\sharedarray.h" />
    <ClInclude Include="include\asd\socket.h" />
    <ClInclude Include="include\asd\string.h" />
    <ClInclude Include="include\asd\sysutil.h" />
    <ClInclude Include="include\asd\tempbuffer.h" />
    <ClInclude Include="include\asd\threadpool.h" />
    <ClInclude Include="include\asd\threadutil.h" />
    <ClInclude Include="include\asd\timer.h" />
    <ClInclude Include="include\asd\trace.h" />
    <ClInclude Include="include\asd\util.h" />
    <ClInclude Include="include\asd\handle.h" />
    <ClInclude Include="include\asd\random.h" />
    <ClInclude Include="include\asd\container.h" />
    <ClInclude Include="include\asd\task.h" />
  </ItemGroup>
  <ItemGroup>
    <ClCompile Include="src\address.cpp" />
    <ClCompile Include="src\asd_pch.cpp" />
    <ClCompile Include="src\buffer.cpp" />
    <ClCompile Include="src\datetime.cpp" />
    <ClCompile Include="src\exception.cpp" />
    <ClCompile Include="src\file.cpp" />
    <ClCompile Include="src\iconvwrap.cpp" />
    <ClCompile Include="src\ioevent.cpp" />
    <ClCompile Include="src\lock.cpp" />
    <ClCompile Include="src\log.cpp" />
    <ClCompile Include="src\memdump.cpp" />
    <ClCompile Include="src\odbcwrap.cpp" />
    <ClCompile Include="src\semaphore.cpp" />
    <ClCompile Include="src\socket.cpp" />
    <ClCompile Include="src\string.cpp" />
    <ClCompile Include="src\sysutil.cpp" />
    <ClCompile Include="src\threadutil.cpp" />
    <ClCompile Include="src\timer.cpp" />
    <ClCompile Include="src\trace.cpp" />
    <ClCompile Include="src\task.cpp" />
  </ItemGroup>
</Project>